{
  "name": "maum-yakbang",
  "version": "0.1.0",
  "lockfileVersion": 3,
  "requires": true,
  "packages": {
    "": {
      "name": "maum-yakbang",
      "version": "0.1.0",
      "license": "MIT",
      "workspaces": [
        "packages/*"
      ],
      "engines": {
        "node": ">=18"
      }
    },
    "node_modules/@maum/ritual-card": {
      "resolved": "packages/ritual-card",
      "link": true
    },
    "packages/ritual-card": {
      "name": "@maum/ritual-card",
      "version": "0.1.0",
      "license": "MIT",
      "bin": {
        "ritual-card": "bin/cli.js"
      },
      "engines": {
        "node": ">=18"
      }
    }
  }
}
